
Microsoft Visual Studio Solution File, Format Version 12.00
# Visual Studio 2012
Project("{FAE04EC0-301F-11D3-BF4B-00C04F79EFBC}") = "Ronald.Downloader.Library", "Ronald.Downloader.Library\Ronald.Downloader.Library.csproj", "{CAC2E53A-2904-4C48-8403-50B601901591}"
EndProject
Project("{FAE04EC0-301F-11D3-BF4B-00C04F79EFBC}") = "Test", "Test\Test.csproj", "{FB17FFDF-A2F2-47A4-A548-98EFE8D5F6BF}"
EndProject
Global
	GlobalSection(SolutionConfigurationPlatforms) = preSolution
		Debug|Any CPU = Debug|Any CPU
		Release|Any CPU = Release|Any CPU
	EndGlobalSection
	GlobalSection(ProjectConfigurationPlatforms) = postSolution
		{CAC2E53A-2904-4C48-8403-50B601901591}.Debug|Any CPU.ActiveCfg = Debug|Any CPU
		{CAC2E53A-2904-4C48-8403-50B601901591}.Debug|Any CPU.Build.0 = Debug|Any CPU
		{CAC2E53A-2904-4C48-8403-50B601901591}.Release|Any CPU.ActiveCfg = Release|Any CPU
		{CAC2E53A-2904-4C48-8403-50B601901591}.Release|Any CPU.Build.0 = Release|Any CPU
		{FB17FFDF-A2F2-47A4-A548-98EFE8D5F6BF}.Debug|Any CPU.ActiveCfg = Debug|Any CPU
		{FB17FFDF-A2F2-47A4-A548-98EFE8D5F6BF}.Debug|Any CPU.Build.0 = Debug|Any CPU
		{FB17FFDF-A2F2-47A4-A548-98EFE8D5F6BF}.Release|Any CPU.ActiveCfg = Release|Any CPU
		{FB17FFDF-A2F2-47A4-A548-98EFE8D5F6BF}.Release|Any CPU.Build.0 = Release|Any CPU
	EndGlobalSection
	GlobalSection(SolutionProperties) = preSolution
		HideSolutionNode = FALSE
	EndGlobalSection
EndGlobal
